
Microsoft Visual Studio Solution File, Format Version 12.00
# Visual Studio 15
VisualStudioVersion = 15.0.26124.0
MinimumVisualStudioVersion = 15.0.26124.0
Project("{FAE04EC0-301F-11D3-BF4B-00C04F79EFBC}") = "Exercise_0", "Exercise_0\Exercise_0.csproj", "{E4FC34CE-223D-4E65-B29D-A1FC7CF9E195}"
EndProject
Project("{FAE04EC0-301F-11D3-BF4B-00C04F79EFBC}") = "Exercise_1", "Exercise_1\Exercise_1.csproj", "{45C138AC-2028-4A1B-9A8B-0E51744B122F}"
EndProject
Project("{FAE04EC0-301F-11D3-BF4B-00C04F79EFBC}") = "Exercise_2-3", "Exercise_2-3\Exercise_2-3.csproj", "{AE7B371F-300B-484B-9FAF-D8B503B43856}"
EndProject
Global
	GlobalSection(SolutionConfigurationPlatforms) = preSolution
		Debug|Any CPU = Debug|Any CPU
		Debug|x64 = Debug|x64
		Debug|x86 = Debug|x86
		Release|Any CPU = Release|Any CPU
		Release|x64 = Release|x64
		Release|x86 = Release|x86
	EndGlobalSection
	GlobalSection(SolutionProperties) = preSolution
		HideSolutionNode = FALSE
	EndGlobalSection
	GlobalSection(ProjectConfigurationPlatforms) = postSolution
		{E4FC34CE-223D-4E65-B29D-A1FC7CF9E195}.Debug|Any CPU.ActiveCfg = Debug|Any CPU
		{E4FC34CE-223D-4E65-B29D-A1FC7CF9E195}.Debug|Any CPU.Build.0 = Debug|Any CPU
		{E4FC34CE-223D-4E65-B29D-A1FC7CF9E195}.Debug|x64.ActiveCfg = Debug|Any CPU
		{E4FC34CE-223D-4E65-B29D-A1FC7CF9E195}.Debug|x64.Build.0 = Debug|Any CPU
		{E4FC34CE-223D-4E65-B29D-A1FC7CF9E195}.Debug|x86.ActiveCfg = Debug|Any CPU
		{E4FC34CE-223D-4E65-B29D-A1FC7CF9E195}.Debug|x86.Build.0 = Debug|Any CPU
		{E4FC34CE-223D-4E65-B29D-A1FC7CF9E195}.Release|Any CPU.ActiveCfg = Release|Any CPU
		{E4FC34CE-223D-4E65-B29D-A1FC7CF9E195}.Release|Any CPU.Build.0 = Release|Any CPU
		{E4FC34CE-223D-4E65-B29D-A1FC7CF9E195}.Release|x64.ActiveCfg = Release|Any CPU
		{E4FC34CE-223D-4E65-B29D-A1FC7CF9E195}.Release|x64.Build.0 = Release|Any CPU
		{E4FC34CE-223D-4E65-B29D-A1FC7CF9E195}.Release|x86.ActiveCfg = Release|Any CPU
		{E4FC34CE-223D-4E65-B29D-A1FC7CF9E195}.Release|x86.Build.0 = Release|Any CPU
		{45C138AC-2028-4A1B-9A8B-0E51744B122F}.Debug|Any CPU.ActiveCfg = Debug|Any CPU
		{45C138AC-2028-4A1B-9A8B-0E51744B122F}.Debug|Any CPU.Build.0 = Debug|Any CPU
		{45C138AC-2028-4A1B-9A8B-0E51744B122F}.Debug|x64.ActiveCfg = Debug|Any CPU
		{45C138AC-2028-4A1B-9A8B-0E51744B122F}.Debug|x64.Build.0 = Debug|Any CPU
		{45C138AC-2028-4A1B-9A8B-0E51744B122F}.Debug|x86.ActiveCfg = Debug|Any CPU
		{45C138AC-2028-4A1B-9A8B-0E51744B122F}.Debug|x86.Build.0 = Debug|Any CPU
		{45C138AC-2028-4A1B-9A8B-0E51744B122F}.Release|Any CPU.ActiveCfg = Release|Any CPU
		{45C138AC-2028-4A1B-9A8B-0E51744B122F}.Release|Any CPU.Build.0 = Release|Any CPU
		{45C138AC-2028-4A1B-9A8B-0E51744B122F}.Release|x64.ActiveCfg = Release|Any CPU
		{45C138AC-2028-4A1B-9A8B-0E51744B122F}.Release|x64.Build.0 = Release|Any CPU
		{45C138AC-2028-4A1B-9A8B-0E51744B122F}.Release|x86.ActiveCfg = Release|Any CPU
		{45C138AC-2028-4A1B-9A8B-0E51744B122F}.Release|x86.Build.0 = Release|Any CPU
		{AE7B371F-300B-484B-9FAF-D8B503B43856}.Debug|Any CPU.ActiveCfg = Debug|Any CPU
		{AE7B371F-300B-484B-9FAF-D8B503B43856}.Debug|Any CPU.Build.0 = Debug|Any CPU
		{AE7B371F-300B-484B-9FAF-D8B503B43856}.Debug|x64.ActiveCfg = Debug|Any CPU
		{AE7B371F-300B-484B-9FAF-D8B503B43856}.Debug|x64.Build.0 = Debug|Any CPU
		{AE7B371F-300B-484B-9FAF-D8B503B43856}.Debug|x86.ActiveCfg = Debug|Any CPU
		{AE7B371F-300B-484B-9FAF-D8B503B43856}.Debug|x86.Build.0 = Debug|Any CPU
		{AE7B371F-300B-484B-9FAF-D8B503B43856}.Release|Any CPU.ActiveCfg = Release|Any CPU
		{AE7B371F-300B-484B-9FAF-D8B503B43856}.Release|Any CPU.Build.0 = Release|Any CPU
		{AE7B371F-300B-484B-9FAF-D8B503B43856}.Release|x64.ActiveCfg = Release|Any CPU
		{AE7B371F-300B-484B-9FAF-D8B503B43856}.Release|x64.Build.0 = Release|Any CPU
		{AE7B371F-300B-484B-9FAF-D8B503B43856}.Release|x86.ActiveCfg = Release|Any CPU
		{AE7B371F-300B-484B-9FAF-D8B503B43856}.Release|x86.Build.0 = Release|Any CPU
	EndGlobalSection
EndGlobal
