
Microsoft Visual Studio Solution File, Format Version 12.00
# Visual Studio 15
Project("{FAE04EC0-301F-11D3-BF4B-00C04F79EFBC}") = "Exercise_2", "Exercise_2\Exercise_2.csproj", "{AC0F99FA-105B-4FAB-A4DD-8219FB6A119C}"
EndProject
Global
	GlobalSection(SolutionConfigurationPlatforms) = preSolution
		Debug|Any CPU = Debug|Any CPU
		Release|Any CPU = Release|Any CPU
	EndGlobalSection
	GlobalSection(ProjectConfigurationPlatforms) = postSolution
		{AC0F99FA-105B-4FAB-A4DD-8219FB6A119C}.Debug|Any CPU.ActiveCfg = Debug|Any CPU
		{AC0F99FA-105B-4FAB-A4DD-8219FB6A119C}.Debug|Any CPU.Build.0 = Debug|Any CPU
		{AC0F99FA-105B-4FAB-A4DD-8219FB6A119C}.Release|Any CPU.ActiveCfg = Release|Any CPU
		{AC0F99FA-105B-4FAB-A4DD-8219FB6A119C}.Release|Any CPU.Build.0 = Release|Any CPU
	EndGlobalSection
EndGlobal
